
Microsoft Visual Studio Solution File, Format Version 12.00
# Visual Studio Version 16
VisualStudioVersion = 16.0.29230.47
MinimumVisualStudioVersion = 10.0.40219.1
Project("{FAE04EC0-301F-11D3-BF4B-00C04F79EFBC}") = "daily_dilbert", "daily_dilbert.csproj", "{526732B3-26F4-4549-AADE-100372FB8AA4}"
EndProject
Global
	GlobalSection(SolutionConfigurationPlatforms) = preSolution
		Debug|Any CPU = Debug|Any CPU
		Release|Any CPU = Release|Any CPU
	EndGlobalSection
	GlobalSection(ProjectConfigurationPlatforms) = postSolution
		{526732B3-26F4-4549-AADE-100372FB8AA4}.Debug|Any CPU.ActiveCfg = Debug|Any CPU
		{526732B3-26F4-4549-AADE-100372FB8AA4}.Debug|Any CPU.Build.0 = Debug|Any CPU
		{526732B3-26F4-4549-AADE-100372FB8AA4}.Release|Any CPU.ActiveCfg = Release|Any CPU
		{526732B3-26F4-4549-AADE-100372FB8AA4}.Release|Any CPU.Build.0 = Release|Any CPU
	EndGlobalSection
	GlobalSection(SolutionProperties) = preSolution
		HideSolutionNode = FALSE
	EndGlobalSection
	GlobalSection(ExtensibilityGlobals) = postSolution
		SolutionGuid = {AA71F63F-6285-4B97-B688-42EAE6497848}
	EndGlobalSection
EndGlobal
